// !$*UTF8*$!
{
	archiveVersion = 1;
	classes = {
	};
	objectVersion = 50;
	objects = {

/* Begin PBXBuildFile section */
		1884BFA320DBA49D00EB0E3F /* AppDelegate.m in Sources */ = {isa = PBXBuildFile; fileRef = 1884BFA220DBA49D00EB0E3F /* AppDelegate.m */; };
		1884BFA620DBA49D00EB0E3F /* ViewController.m in Sources */ = {isa = PBXBuildFile; fileRef = 1884BFA520DBA49D00EB0E3F /* ViewController.m */; };
		1884BFA920DBA49D00EB0E3F /* Main.storyboard in Resources */ = {isa = PBXBuildFile; fileRef = 1884BFA720DBA49D00EB0E3F /* Main.storyboard */; };
		1884BFAB20DBA4A800EB0E3F /* Assets.xcassets in Resources */ = {isa = PBXBuildFile; fileRef = 1884BFAA20DBA4A800EB0E3F /* Assets.xcassets */; };
		1884BFAE20DBA4A800EB0E3F /* LaunchScreen.storyboard in Resources */ = {isa = PBXBuildFile; fileRef = 1884BFAC20DBA4A800EB0E3F /* LaunchScreen.storyboard */; };
		1884BFB120DBA4A800EB0E3F /* main.m in Sources */ = {isa = PBXBuildFile; fileRef = 1884BFB020DBA4A800EB0E3F /* main.m */; };
		1884BFB920DBB7C900EB0E3F /* AddressBook.framework in Frameworks */ = {isa = PBXBuildFile; fileRef = 1884BFB820DBB7C900EB0E3F /* AddressBook.framework */; };
		1884BFBB20DBB7D300EB0E3F /* Contacts.framework in Frameworks */ = {isa = PBXBuildFile; fileRef = 1884BFBA20DBB7D300EB0E3F /* Contacts.framework */; };
/* End PBXBuildFile section */

/* Begin PBXFileReference section */
		1884BF9E20DBA49D00EB0E3F /* AddressBook.app */ = {isa = PBXFileReference; explicitFileType = wrapper.application; includeInIndex = 0; path = AddressBook.app; sourceTree = BUILT_PRODUCTS_DIR; };
		1884BFA120DBA49D00EB0E3F /* AppDelegate.h */ = {isa = PBXFileReference; lastKnownFileType = sourcecode.c.h; path = AppDelegate.h; sourceTree = "<group>"; };
		1884BFA220DBA49D00EB0E3F /* AppDelegate.m */ = {isa = PBXFileReference; lastKnownFileType = sourcecode.c.objc; path = AppDelegate.m; sourceTree = "<group>"; };
		1884BFA420DBA49D00EB0E3F /* ViewController.h */ = {isa = PBXFileReference; lastKnownFileType = sourcecode.c.h; path = ViewController.h; sourceTree = "<group>"; };
		1884BFA520DBA49D00EB0E3F /* ViewController.m */ = {isa = PBXFileReference; lastKnownFileType = sourcecode.c.objc; path = ViewController.m; sourceTree = "<group>"; };
		1884BFA820DBA49D00EB0E3F /* Base */ = {isa = PBXFileReference; lastKnownFileType = file.storyboard; name = Base; path = Base.lproj/Main.storyboard; sourceTree = "<group>"; };
		1884BFAA20DBA4A800EB0E3F /* Assets.xcassets */ = {isa = PBXFileReference; lastKnownFileType = folder.assetcatalog; path = Assets.xcassets; sourceTree = "<group>"; };
		1884BFAD20DBA4A800EB0E3F /* Base */ = {isa = PBXFileReference; lastKnownFileType = file.storyboard; name = Base; path = Base.lproj/LaunchScreen.storyboard; sourceTree = "<group>"; };
		1884BFAF20DBA4A800EB0E3F /* Info.plist */ = {isa = PBXFileReference; lastKnownFileType = text.plist.xml; path = Info.plist; sourceTree = "<group>"; };
		1884BFB020DBA4A800EB0E3F /* main.m */ = {isa = PBXFileReference; lastKnownFileType = sourcecode.c.objc; path = main.m; sourceTree = "<group>"; };
		1884BFB820DBB7C900EB0E3F /* AddressBook.framework */ = {isa = PBXFileReference; lastKnownFileType = wrapper.framework; name = AddressBook.framework; path = System/Library/Frameworks/AddressBook.framework; sourceTree = SDKROOT; };
		1884BFBA20DBB7D300EB0E3F /* Contacts.framework */ = {isa = PBXFileReference; lastKnownFileType = wrapper.framework; name = Contacts.framework; path = System/Library/Frameworks/Contacts.framework; sourceTree = SDKROOT; };
/* End PBXFileReference section */

/* Begin PBXFrameworksBuildPhase section */
		1884BF9B20DBA49D00EB0E3F /* Frameworks */ = {
			isa = PBXFrameworksBuildPhase;
			buildActionMask = 2147483647;
			files = (
				1884BFBB20DBB7D300EB0E3F /* Contacts.framework in Frameworks */,
				1884BFB920DBB7C900EB0E3F /* AddressBook.framework in Frameworks */,
			);
			runOnlyForDeploymentPostprocessing = 0;
		};
/* End PBXFrameworksBuildPhase section */

/* Begin PBXGroup section */
		1884BF9520DBA49D00EB0E3F = {
			isa = PBXGroup;
			children = (
				1884BFA020DBA49D00EB0E3F /* AddressBook */,
				1884BF9F20DBA49D00EB0E3F /* Products */,
				1884BFB720DBB7C900EB0E3F /* Frameworks */,
			);
			sourceTree = "<group>";
		};
		1884BF9F20DBA49D00EB0E3F /* Products */ = {
			isa = PBXGroup;
			children = (
				1884BF9E20DBA49D00EB0E3F /* AddressBook.app */,
			);
			name = Products;
			sourceTree = "<group>";
		};
		1884BFA020DBA49D00EB0E3F /* AddressBook */ = {
			isa = PBXGroup;
			children = (
				1884BFA120DBA49D00EB0E3F /* AppDelegate.h */,
				1884BFA220DBA49D00EB0E3F /* AppDelegate.m */,
				1884BFA420DBA49D00EB0E3F /* ViewController.h */,
				1884BFA520DBA49D00EB0E3F /* ViewController.m */,
				1884BFA720DBA49D00EB0E3F /* Main.storyboard */,
				1884BFAA20DBA4A800EB0E3F /* Assets.xcassets */,
				1884BFAC20DBA4A800EB0E3F /* LaunchScreen.storyboard */,
				1884BFAF20DBA4A800EB0E3F /* Info.plist */,
				1884BFB020DBA4A800EB0E3F /* main.m */,
			);
			path = AddressBook;
			sourceTree = "<group>";
		};
		1884BFB720DBB7C900EB0E3F /* Frameworks */ = {
			isa = PBXGroup;
			children = (
				1884BFBA20DBB7D300EB0E3F /* Contacts.framework */,
				1884BFB820DBB7C900EB0E3F /* AddressBook.framework */,
			);
			name = Frameworks;
			sourceTree = "<group>";
		};
/* End PBXGroup section */

/* Begin PBXNativeTarget section */
		1884BF9D20DBA49D00EB0E3F /* AddressBook */ = {
			isa = PBXNativeTarget;
			buildConfigurationList = 1884BFB420DBA4A800EB0E3F /* Build configuration list for PBXNativeTarget "AddressBook" */;
			buildPhases = (
				1884BF9A20DBA49D00EB0E3F /* Sources */,
				1884BF9B20DBA49D00EB0E3F /* Frameworks */,
				1884BF9C20DBA49D00EB0E3F /* Resources */,
			);
			buildRules = (
			);
			dependencies = (
			);
			name = AddressBook;
			productName = AddressBook;
			productReference = 1884BF9E20DBA49D00EB0E3F /* AddressBook.app */;
			productType = "com.apple.product-type.application";
		};
/* End PBXNativeTarget section */

/* Begin PBXProject section */
		1884BF9620DBA49D00EB0E3F /* Project object */ = {
			isa = PBXProject;
			attributes = {
				LastUpgradeCheck = 0930;
				ORGANIZATIONNAME = apple;
				TargetAttributes = {
					1884BF9D20DBA49D00EB0E3F = {
						CreatedOnToolsVersion = 9.3;
					};
				};
			};
			buildConfigurationList = 1884BF9920DBA49D00EB0E3F /* Build configuration list for PBXProject "AddressBook" */;
			compatibilityVersion = "Xcode 9.3";
			developmentRegion = en;
			hasScannedForEncodings = 0;
			knownRegions = (
				en,
				Base,
			);
			mainGroup = 1884BF9520DBA49D00EB0E3F;
			productRefGroup = 1884BF9F20DBA49D00EB0E3F /* Products */;
			projectDirPath = "";
			projectRoot = "";
			targets = (
				1884BF9D20DBA49D00EB0E3F /* AddressBook */,
			);
		};
/* End PBXProject section */

/* Begin PBXResourcesBuildPhase section */
		1884BF9C20DBA49D00EB0E3F /* Resources */ = {
			isa = PBXResourcesBuildPhase;
			buildActionMask = 2147483647;
			files = (
				1884BFAE20DBA4A800EB0E3F /* LaunchScreen.storyboard in Resources */,
				1884BFAB20DBA4A800EB0E3F /* Assets.xcassets in Resources */,
				1884BFA920DBA49D00EB0E3F /* Main.storyboard in Resources */,
			);
			runOnlyForDeploymentPostprocessing = 0;
		};
/* End PBXResourcesBuildPhase section */

/* Begin PBXSourcesBuildPhase section */
		1884BF9A20DBA49D00EB0E3F /* Sources */ = {
			isa = PBXSourcesBuildPhase;
			buildActionMask = 2147483647;
			files = (
				1884BFA620DBA49D00EB0E3F /* ViewController.m in Sources */,
				1884BFB120DBA4A800EB0E3F /* main.m in Sources */,
				1884BFA320DBA49D00EB0E3F /* AppDelegate.m in Sources */,
			);
			runOnlyForDeploymentPostprocessing = 0;
		};
/* End PBXSourcesBuildPhase section */

/* Begin PBXVariantGroup section */
		1884BFA720DBA49D00EB0E3F /* Main.storyboard */ = {
			isa = PBXVariantGroup;
			children = (
				1884BFA820DBA49D00EB0E3F /* Base */,
			);
			name = Main.storyboard;
			sourceTree = "<group>";
		};
		1884BFAC20DBA4A800EB0E3F /* LaunchScreen.storyboard */ = {
			isa = PBXVariantGroup;
			children = (
				1884BFAD20DBA4A800EB0E3F /* Base */,
			);
			name = LaunchScreen.storyboard;
			sourceTree = "<group>";
		};
/* End PBXVariantGroup section */

/* Begin XCBuildConfiguration section */
		1884BFB220DBA4A800EB0E3F /* Debug */ = {
			isa = XCBuildConfiguration;
			buildSettings = {
				ALWAYS_SEARCH_USER_PATHS = NO;
				CLANG_ANALYZER_NONNULL = YES;
				CLANG_ANALYZER_NUMBER_OBJECT_CONVERSION = YES_AGGRESSIVE;
				CLANG_CXX_LANGUAGE_STANDARD = "gnu++14";
				CLANG_CXX_LIBRARY = "libc++";
				CLANG_ENABLE_MODULES = YES;
				CLANG_ENABLE_OBJC_ARC = YES;
				CLANG_ENABLE_OBJC_WEAK = YES;
				CLANG_WARN_BLOCK_CAPTURE_AUTORELEASING = YES;
				CLANG_WARN_BOOL_CONVERSION = YES;
				CLANG_WARN_COMMA = YES;
				CLANG_WARN_CONSTANT_CONVERSION = YES;
				CLANG_WARN_DEPRECATED_OBJC_IMPLEMENTATIONS = YES;
				CLANG_WARN_DIRECT_OBJC_ISA_USAGE = YES_ERROR;
				CLANG_WARN_DOCUMENTATION_COMMENTS = YES;
				CLANG_WARN_EMPTY_BODY = YES;
				CLANG_WARN_ENUM_CONVERSION = YES;
				CLANG_WARN_INFINITE_RECURSION = YES;
				CLANG_WARN_INT_CONVERSION = YES;
				CLANG_WARN_NON_LITERAL_NULL_CONVERSION = YES;
				CLANG_WARN_OBJC_IMPLICIT_RETAIN_SELF = YES;
				CLANG_WARN_OBJC_LITERAL_CONVERSION = YES;
				CLANG_WARN_OBJC_ROOT_CLASS = YES_ERROR;
				CLANG_WARN_RANGE_LOOP_ANALYSIS = YES;
				CLANG_WARN_STRICT_PROTOTYPES = YES;
				CLANG_WARN_SUSPICIOUS_MOVE = YES;
				CLANG_WARN_UNGUARDED_AVAILABILITY = YES_AGGRESSIVE;
				CLANG_WARN_UNREACHABLE_CODE = YES;
				CLANG_WARN__DUPLICATE_METHOD_MATCH = YES;
				CODE_SIGN_IDENTITY = "iPhone Developer";
				COPY_PHASE_STRIP = NO;
				DEBUG_INFORMATION_FORMAT = dwarf;
				ENABLE_STRICT_OBJC_MSGSEND = YES;
				ENABLE_TESTABILITY = YES;
				GCC_C_LANGUAGE_STANDARD = gnu11;
				GCC_DYNAMIC_NO_PIC = NO;
				GCC_NO_COMMON_BLOCKS = YES;
				GCC_OPTIMIZATION_LEVEL = 0;
				GCC_PREPROCESSOR_DEFINITIONS = (
					"DEBUG=1",
					"$(inherited)",
				);
				GCC_WARN_64_TO_32_BIT_CONVERSION = YES;
				GCC_WARN_ABOUT_RETURN_TYPE = YES_ERROR;
				GCC_WARN_UNDECLARED_SELECTOR = YES;
				GCC_WARN_UNINITIALIZED_AUTOS = YES_AGGRESSIVE;
				GCC_WARN_UNUSED_FUNCTION = YES;
				GCC_WARN_UNUSED_VARIABLE = YES;
				IPHONEOS_DEPLOYMENT_TARGET = 11.3;
				MTL_ENABLE_DEBUG_INFO = YES;
				ONLY_ACTIVE_ARCH = YES;
				SDKROOT = iphoneos;
			};
			name = Debug;
		};
		1884BFB320DBA4A800EB0E3F /* Release */ = {
			isa = XCBuildConfiguration;
			buildSettings = {
				ALWAYS_SEARCH_USER_PATHS = NO;
				CLANG_ANALYZER_NONNULL = YES;
				CLANG_ANALYZER_NUMBER_OBJECT_CONVERSION = YES_AGGRESSIVE;
				CLANG_CXX_LANGUAGE_STANDARD = "gnu++14";
				CLANG_CXX_LIBRARY = "libc++";
				CLANG_ENABLE_MODULES = YES;
				CLANG_ENABLE_OBJC_ARC = YES;
				CLANG_ENABLE_OBJC_WEAK = YES;
				CLANG_WARN_BLOCK_CAPTURE_AUTORELEASING = YES;
				CLANG_WARN_BOOL_CONVERSION = YES;
				CLANG_WARN_COMMA = YES;
				CLANG_WARN_CONSTANT_CONVERSION = YES;
				CLANG_WARN_DEPRECATED_OBJC_IMPLEMENTATIONS = YES;
				CLANG_WARN_DIRECT_OBJC_ISA_USAGE = YES_ERROR;
				CLANG_WARN_DOCUMENTATION_COMMENTS = YES;
				CLANG_WARN_EMPTY_BODY = YES;
				CLANG_WARN_ENUM_CONVERSION = YES;
				CLANG_WARN_INFINITE_RECURSION = YES;
				CLANG_WARN_INT_CONVERSION = YES;
				CLANG_WARN_NON_LITERAL_NULL_CONVERSION = YES;
				CLANG_WARN_OBJC_IMPLICIT_RETAIN_SELF = YES;
				CLANG_WARN_OBJC_LITERAL_CONVERSION = YES;
				CLANG_WARN_OBJC_ROOT_CLASS = YES_ERROR;
				CLANG_WARN_RANGE_LOOP_ANALYSIS = YES;
				CLANG_WARN_STRICT_PROTOTYPES = YES;
				CLANG_WARN_SUSPICIOUS_MOVE = YES;
				CLANG_WARN_UNGUARDED_AVAILABILITY = YES_AGGRESSIVE;
				CLANG_WARN_UNREACHABLE_CODE = YES;
				CLANG_WARN__DUPLICATE_METHOD_MATCH = YES;
				CODE_SIGN_IDENTITY = "iPhone Developer";
				COPY_PHASE_STRIP = NO;
				DEBUG_INFORMATION_FORMAT = "dwarf-with-dsym";
				ENABLE_NS_ASSERTIONS = NO;
				ENABLE_STRICT_OBJC_MSGSEND = YES;
				GCC_C_LANGUAGE_STANDARD = gnu11;
				GCC_NO_COMMON_BLOCKS = YES;
				GCC_WARN_64_TO_32_BIT_CONVERSION = YES;
				GCC_WARN_ABOUT_RETURN_TYPE = YES_ERROR;
				GCC_WARN_UNDECLARED_SELECTOR = YES;
				GCC_WARN_UNINITIALIZED_AUTOS = YES_AGGRESSIVE;
				GCC_WARN_UNUSED_FUNCTION = YES;
				GCC_WARN_UNUSED_VARIABLE = YES;
				IPHONEOS_DEPLOYMENT_TARGET = 11.3;
				MTL_ENABLE_DEBUG_INFO = NO;
				SDKROOT = iphoneos;
				VALIDATE_PRODUCT = YES;
			};
			name = Release;
		};
		1884BFB520DBA4A800EB0E3F /* Debug */ = {
			isa = XCBuildConfiguration;
			buildSettings = {
				ASSETCATALOG_COMPILER_APPICON_NAME = AppIcon;
				CODE_SIGN_STYLE = Automatic;
				DEVELOPMENT_TEAM = SH5543G7L6;
				INFOPLIST_FILE = AddressBook/Info.plist;
				LD_RUNPATH_SEARCH_PATHS = (
					"$(inherited)",
					"@executable_path/Frameworks",
				);
				PRODUCT_BUNDLE_IDENTIFIER = com.test.AddressBook;
				PRODUCT_NAME = "$(TARGET_NAME)";
				TARGETED_DEVICE_FAMILY = "1,2";
			};
			name = Debug;
		};
		1884BFB620DBA4A800EB0E3F /* Release */ = {
			isa = XCBuildConfiguration;
			buildSettings = {
				ASSETCATALOG_COMPILER_APPICON_NAME = AppIcon;
				CODE_SIGN_STYLE = Automatic;
				DEVELOPMENT_TEAM = SH5543G7L6;
				INFOPLIST_FILE = AddressBook/Info.plist;
				LD_RUNPATH_SEARCH_PATHS = (
					"$(inherited)",
					"@executable_path/Frameworks",
				);
				PRODUCT_BUNDLE_IDENTIFIER = com.test.AddressBook;
				PRODUCT_NAME = "$(TARGET_NAME)";
				TARGETED_DEVICE_FAMILY = "1,2";
			};
			name = Release;
		};
/* End XCBuildConfiguration section */

/* Begin XCConfigurationList section */
		1884BF9920DBA49D00EB0E3F /* Build configuration list for PBXProject "AddressBook" */ = {
			isa = XCConfigurationList;
			buildConfigurations = (
				1884BFB220DBA4A800EB0E3F /* Debug */,
				1884BFB320DBA4A800EB0E3F /* Release */,
			);
			defaultConfigurationIsVisible = 0;
			defaultConfigurationName = Release;
		};
		1884BFB420DBA4A800EB0E3F /* Build configuration list for PBXNativeTarget "AddressBook" */ = {
			isa = XCConfigurationList;
			buildConfigurations = (
				1884BFB520DBA4A800EB0E3F /* Debug */,
				1884BFB620DBA4A800EB0E3F /* Release */,
			);
			defaultConfigurationIsVisible = 0;
			defaultConfigurationName = Release;
		};
/* End XCConfigurationList section */
	};
	rootObject = 1884BF9620DBA49D00EB0E3F /* Project object */;
}
